// !$*UTF8*$!
{
	archiveVersion = 1;
	classes = {
	};
	objectVersion = 50;
	objects = {

/* Begin PBXBuildFile section */
		556AB12220E8C9EF005EE57F /* AppDelegate.swift in Sources */ = {isa = PBXBuildFile; fileRef = 556AB12120E8C9EF005EE57F /* AppDelegate.swift */; };
		556AB12420E8C9EF005EE57F /* ViewController.swift in Sources */ = {isa = PBXBuildFile; fileRef = 556AB12320E8C9EF005EE57F /* ViewController.swift */; };
		556AB12720E8C9EF005EE57F /* Main.storyboard in Resources */ = {isa = PBXBuildFile; fileRef = 556AB12520E8C9EF005EE57F /* Main.storyboard */; };
		556AB12920E8C9F0005EE57F /* Assets.xcassets in Resources */ = {isa = PBXBuildFile; fileRef = 556AB12820E8C9F0005EE57F /* Assets.xcassets */; };
		556AB12C20E8C9F0005EE57F /* LaunchScreen.storyboard in Resources */ = {isa = PBXBuildFile; fileRef = 556AB12A20E8C9F0005EE57F /* LaunchScreen.storyboard */; };
		556AB13720E8C9F0005EE57F /* Chapter03Tests.swift in Sources */ = {isa = PBXBuildFile; fileRef = 556AB13620E8C9F0005EE57F /* Chapter03Tests.swift */; };
		556AB14220E8C9F0005EE57F /* Chapter03UITests.swift in Sources */ = {isa = PBXBuildFile; fileRef = 556AB14120E8C9F0005EE57F /* Chapter03UITests.swift */; };
		556AB15120E8D349005EE57F /* lamp_off.png in Resources */ = {isa = PBXBuildFile; fileRef = 556AB14F20E8D349005EE57F /* lamp_off.png */; };
		556AB15220E8D349005EE57F /* lamp_on.png in Resources */ = {isa = PBXBuildFile; fileRef = 556AB15020E8D349005EE57F /* lamp_on.png */; };
/* End PBXBuildFile section */

/* Begin PBXContainerItemProxy section */
		556AB13320E8C9F0005EE57F /* PBXContainerItemProxy */ = {
			isa = PBXContainerItemProxy;
			containerPortal = 556AB11620E8C9EF005EE57F /* Project object */;
			proxyType = 1;
			remoteGlobalIDString = 556AB11D20E8C9EF005EE57F;
			remoteInfo = Chapter03;
		};
		556AB13E20E8C9F0005EE57F /* PBXContainerItemProxy */ = {
			isa = PBXContainerItemProxy;
			containerPortal = 556AB11620E8C9EF005EE57F /* Project object */;
			proxyType = 1;
			remoteGlobalIDString = 556AB11D20E8C9EF005EE57F;
			remoteInfo = Chapter03;
		};
/* End PBXContainerItemProxy section */

/* Begin PBXFileReference section */
		556AB11E20E8C9EF005EE57F /* Chapter03.app */ = {isa = PBXFileReference; explicitFileType = wrapper.application; includeInIndex = 0; path = Chapter03.app; sourceTree = BUILT_PRODUCTS_DIR; };
		556AB12120E8C9EF005EE57F /* AppDelegate.swift */ = {isa = PBXFileReference; lastKnownFileType = sourcecode.swift; path = AppDelegate.swift; sourceTree = "<group>"; };
		556AB12320E8C9EF005EE57F /* ViewController.swift */ = {isa = PBXFileReference; lastKnownFileType = sourcecode.swift; path = ViewController.swift; sourceTree = "<group>"; };
		556AB12620E8C9EF005EE57F /* Base */ = {isa = PBXFileReference; lastKnownFileType = file.storyboard; name = Base; path = Base.lproj/Main.storyboard; sourceTree = "<group>"; };
		556AB12820E8C9F0005EE57F /* Assets.xcassets */ = {isa = PBXFileReference; lastKnownFileType = folder.assetcatalog; path = Assets.xcassets; sourceTree = "<group>"; };
		556AB12B20E8C9F0005EE57F /* Base */ = {isa = PBXFileReference; lastKnownFileType = file.storyboard; name = Base; path = Base.lproj/LaunchScreen.storyboard; sourceTree = "<group>"; };
		556AB12D20E8C9F0005EE57F /* Info.plist */ = {isa = PBXFileReference; lastKnownFileType = text.plist.xml; path = Info.plist; sourceTree = "<group>"; };
		556AB13220E8C9F0005EE57F /* Chapter03Tests.xctest */ = {isa = PBXFileReference; explicitFileType = wrapper.cfbundle; includeInIndex = 0; path = Chapter03Tests.xctest; sourceTree = BUILT_PRODUCTS_DIR; };
		556AB13620E8C9F0005EE57F /* Chapter03Tests.swift */ = {isa = PBXFileReference; lastKnownFileType = sourcecode.swift; path = Chapter03Tests.swift; sourceTree = "<group>"; };
		556AB13820E8C9F0005EE57F /* Info.plist */ = {isa = PBXFileReference; lastKnownFileType = text.plist.xml; path = Info.plist; sourceTree = "<group>"; };
		556AB13D20E8C9F0005EE57F /* Chapter03UITests.xctest */ = {isa = PBXFileReference; explicitFileType = wrapper.cfbundle; includeInIndex = 0; path = Chapter03UITests.xctest; sourceTree = BUILT_PRODUCTS_DIR; };
		556AB14120E8C9F0005EE57F /* Chapter03UITests.swift */ = {isa = PBXFileReference; lastKnownFileType = sourcecode.swift; path = Chapter03UITests.swift; sourceTree = "<group>"; };
		556AB14320E8C9F0005EE57F /* Info.plist */ = {isa = PBXFileReference; lastKnownFileType = text.plist.xml; path = Info.plist; sourceTree = "<group>"; };
		556AB14F20E8D349005EE57F /* lamp_off.png */ = {isa = PBXFileReference; lastKnownFileType = image.png; path = lamp_off.png; sourceTree = "<group>"; };
		556AB15020E8D349005EE57F /* lamp_on.png */ = {isa = PBXFileReference; lastKnownFileType = image.png; path = lamp_on.png; sourceTree = "<group>"; };
/* End PBXFileReference section */

/* Begin PBXFrameworksBuildPhase section */
		556AB11B20E8C9EF005EE57F /* Frameworks */ = {
			isa = PBXFrameworksBuildPhase;
			buildActionMask = 2147483647;
			files = (
			);
			runOnlyForDeploymentPostprocessing = 0;
		};
		556AB12F20E8C9F0005EE57F /* Frameworks */ = {
			isa = PBXFrameworksBuildPhase;
			buildActionMask = 2147483647;
			files = (
			);
			runOnlyForDeploymentPostprocessing = 0;
		};
		556AB13A20E8C9F0005EE57F /* Frameworks */ = {
			isa = PBXFrameworksBuildPhase;
			buildActionMask = 2147483647;
			files = (
			);
			runOnlyForDeploymentPostprocessing = 0;
		};
/* End PBXFrameworksBuildPhase section */

/* Begin PBXGroup section */
		556AB11520E8C9EF005EE57F = {
			isa = PBXGroup;
			children = (
				556AB12020E8C9EF005EE57F /* Chapter03 */,
				556AB13520E8C9F0005EE57F /* Chapter03Tests */,
				556AB14020E8C9F0005EE57F /* Chapter03UITests */,
				556AB11F20E8C9EF005EE57F /* Products */,
			);
			sourceTree = "<group>";
		};
		556AB11F20E8C9EF005EE57F /* Products */ = {
			isa = PBXGroup;
			children = (
				556AB11E20E8C9EF005EE57F /* Chapter03.app */,
				556AB13220E8C9F0005EE57F /* Chapter03Tests.xctest */,
				556AB13D20E8C9F0005EE57F /* Chapter03UITests.xctest */,
			);
			name = Products;
			sourceTree = "<group>";
		};
		556AB12020E8C9EF005EE57F /* Chapter03 */ = {
			isa = PBXGroup;
			children = (
				556AB15020E8D349005EE57F /* lamp_on.png */,
				556AB14F20E8D349005EE57F /* lamp_off.png */,
				556AB12120E8C9EF005EE57F /* AppDelegate.swift */,
				556AB12320E8C9EF005EE57F /* ViewController.swift */,
				556AB12520E8C9EF005EE57F /* Main.storyboard */,
				556AB12820E8C9F0005EE57F /* Assets.xcassets */,
				556AB12A20E8C9F0005EE57F /* LaunchScreen.storyboard */,
				556AB12D20E8C9F0005EE57F /* Info.plist */,
			);
			path = Chapter03;
			sourceTree = "<group>";
		};
		556AB13520E8C9F0005EE57F /* Chapter03Tests */ = {
			isa = PBXGroup;
			children = (
				556AB13620E8C9F0005EE57F /* Chapter03Tests.swift */,
				556AB13820E8C9F0005EE57F /* Info.plist */,
			);
			path = Chapter03Tests;
			sourceTree = "<group>";
		};
		556AB14020E8C9F0005EE57F /* Chapter03UITests */ = {
			isa = PBXGroup;
			children = (
				556AB14120E8C9F0005EE57F /* Chapter03UITests.swift */,
				556AB14320E8C9F0005EE57F /* Info.plist */,
			);
			path = Chapter03UITests;
			sourceTree = "<group>";
		};
/* End PBXGroup section */

/* Begin PBXNativeTarget section */
		556AB11D20E8C9EF005EE57F /* Chapter03 */ = {
			isa = PBXNativeTarget;
			buildConfigurationList = 556AB14620E8C9F0005EE57F /* Build configuration list for PBXNativeTarget "Chapter03" */;
			buildPhases = (
				556AB11A20E8C9EF005EE57F /* Sources */,
				556AB11B20E8C9EF005EE57F /* Frameworks */,
				556AB11C20E8C9EF005EE57F /* Resources */,
			);
			buildRules = (
			);
			dependencies = (
			);
			name = Chapter03;
			productName = Chapter03;
			productReference = 556AB11E20E8C9EF005EE57F /* Chapter03.app */;
			productType = "com.apple.product-type.application";
		};
		556AB13120E8C9F0005EE57F /* Chapter03Tests */ = {
			isa = PBXNativeTarget;
			buildConfigurationList = 556AB14920E8C9F0005EE57F /* Build configuration list for PBXNativeTarget "Chapter03Tests" */;
			buildPhases = (
				556AB12E20E8C9F0005EE57F /* Sources */,
				556AB12F20E8C9F0005EE57F /* Frameworks */,
				556AB13020E8C9F0005EE57F /* Resources */,
			);
			buildRules = (
			);
			dependencies = (
				556AB13420E8C9F0005EE57F /* PBXTargetDependency */,
			);
			name = Chapter03Tests;
			productName = Chapter03Tests;
			productReference = 556AB13220E8C9F0005EE57F /* Chapter03Tests.xctest */;
			productType = "com.apple.product-type.bundle.unit-test";
		};
		556AB13C20E8C9F0005EE57F /* Chapter03UITests */ = {
			isa = PBXNativeTarget;
			buildConfigurationList = 556AB14C20E8C9F0005EE57F /* Build configuration list for PBXNativeTarget "Chapter03UITests" */;
			buildPhases = (
				556AB13920E8C9F0005EE57F /* Sources */,
				556AB13A20E8C9F0005EE57F /* Frameworks */,
				556AB13B20E8C9F0005EE57F /* Resources */,
			);
			buildRules = (
			);
			dependencies = (
				556AB13F20E8C9F0005EE57F /* PBXTargetDependency */,
			);
			name = Chapter03UITests;
			productName = Chapter03UITests;
			productReference = 556AB13D20E8C9F0005EE57F /* Chapter03UITests.xctest */;
			productType = "com.apple.product-type.bundle.ui-testing";
		};
/* End PBXNativeTarget section */

/* Begin PBXProject section */
		556AB11620E8C9EF005EE57F /* Project object */ = {
			isa = PBXProject;
			attributes = {
				LastSwiftUpdateCheck = 0940;
				LastUpgradeCheck = 0940;
				ORGANIZATIONNAME = "So young Yoon";
				TargetAttributes = {
					556AB11D20E8C9EF005EE57F = {
						CreatedOnToolsVersion = 9.4.1;
					};
					556AB13120E8C9F0005EE57F = {
						CreatedOnToolsVersion = 9.4.1;
						TestTargetID = 556AB11D20E8C9EF005EE57F;
					};
					556AB13C20E8C9F0005EE57F = {
						CreatedOnToolsVersion = 9.4.1;
						TestTargetID = 556AB11D20E8C9EF005EE57F;
					};
				};
			};
			buildConfigurationList = 556AB11920E8C9EF005EE57F /* Build configuration list for PBXProject "Chapter03" */;
			compatibilityVersion = "Xcode 9.3";
			developmentRegion = en;
			hasScannedForEncodings = 0;
			knownRegions = (
				en,
				Base,
			);
			mainGroup = 556AB11520E8C9EF005EE57F;
			productRefGroup = 556AB11F20E8C9EF005EE57F /* Products */;
			projectDirPath = "";
			projectRoot = "";
			targets = (
				556AB11D20E8C9EF005EE57F /* Chapter03 */,
				556AB13120E8C9F0005EE57F /* Chapter03Tests */,
				556AB13C20E8C9F0005EE57F /* Chapter03UITests */,
			);
		};
/* End PBXProject section */

/* Begin PBXResourcesBuildPhase section */
		556AB11C20E8C9EF005EE57F /* Resources */ = {
			isa = PBXResourcesBuildPhase;
			buildActionMask = 2147483647;
			files = (
				556AB12C20E8C9F0005EE57F /* LaunchScreen.storyboard in Resources */,
				556AB12920E8C9F0005EE57F /* Assets.xcassets in Resources */,
				556AB15220E8D349005EE57F /* lamp_on.png in Resources */,
				556AB12720E8C9EF005EE57F /* Main.storyboard in Resources */,
				556AB15120E8D349005EE57F /* lamp_off.png in Resources */,
			);
			runOnlyForDeploymentPostprocessing = 0;
		};
		556AB13020E8C9F0005EE57F /* Resources */ = {
			isa = PBXResourcesBuildPhase;
			buildActionMask = 2147483647;
			files = (
			);
			runOnlyForDeploymentPostprocessing = 0;
		};
		556AB13B20E8C9F0005EE57F /* Resources */ = {
			isa = PBXResourcesBuildPhase;
			buildActionMask = 2147483647;
			files = (
			);
			runOnlyForDeploymentPostprocessing = 0;
		};
/* End PBXResourcesBuildPhase section */

/* Begin PBXSourcesBuildPhase section */
		556AB11A20E8C9EF005EE57F /* Sources */ = {
			isa = PBXSourcesBuildPhase;
			buildActionMask = 2147483647;
			files = (
				556AB12420E8C9EF005EE57F /* ViewController.swift in Sources */,
				556AB12220E8C9EF005EE57F /* AppDelegate.swift in Sources */,
			);
			runOnlyForDeploymentPostprocessing = 0;
		};
		556AB12E20E8C9F0005EE57F /* Sources */ = {
			isa = PBXSourcesBuildPhase;
			buildActionMask = 2147483647;
			files = (
				556AB13720E8C9F0005EE57F /* Chapter03Tests.swift in Sources */,
			);
			runOnlyForDeploymentPostprocessing = 0;
		};
		556AB13920E8C9F0005EE57F /* Sources */ = {
			isa = PBXSourcesBuildPhase;
			buildActionMask = 2147483647;
			files = (
				556AB14220E8C9F0005EE57F /* Chapter03UITests.swift in Sources */,
			);
			runOnlyForDeploymentPostprocessing = 0;
		};
/* End PBXSourcesBuildPhase section */

/* Begin PBXTargetDependency section */
		556AB13420E8C9F0005EE57F /* PBXTargetDependency */ = {
			isa = PBXTargetDependency;
			target = 556AB11D20E8C9EF005EE57F /* Chapter03 */;
			targetProxy = 556AB13320E8C9F0005EE57F /* PBXContainerItemProxy */;
		};
		556AB13F20E8C9F0005EE57F /* PBXTargetDependency */ = {
			isa = PBXTargetDependency;
			target = 556AB11D20E8C9EF005EE57F /* Chapter03 */;
			targetProxy = 556AB13E20E8C9F0005EE57F /* PBXContainerItemProxy */;
		};
/* End PBXTargetDependency section */

/* Begin PBXVariantGroup section */
		556AB12520E8C9EF005EE57F /* Main.storyboard */ = {
			isa = PBXVariantGroup;
			children = (
				556AB12620E8C9EF005EE57F /* Base */,
			);
			name = Main.storyboard;
			sourceTree = "<group>";
		};
		556AB12A20E8C9F0005EE57F /* LaunchScreen.storyboard */ = {
			isa = PBXVariantGroup;
			children = (
				556AB12B20E8C9F0005EE57F /* Base */,
			);
			name = LaunchScreen.storyboard;
			sourceTree = "<group>";
		};
/* End PBXVariantGroup section */

/* Begin XCBuildConfiguration section */
		556AB14420E8C9F0005EE57F /* Debug */ = {
			isa = XCBuildConfiguration;
			buildSettings = {
				ALWAYS_SEARCH_USER_PATHS = NO;
				CLANG_ANALYZER_NONNULL = YES;
				CLANG_ANALYZER_NUMBER_OBJECT_CONVERSION = YES_AGGRESSIVE;
				CLANG_CXX_LANGUAGE_STANDARD = "gnu++14";
				CLANG_CXX_LIBRARY = "libc++";
				CLANG_ENABLE_MODULES = YES;
				CLANG_ENABLE_OBJC_ARC = YES;
				CLANG_ENABLE_OBJC_WEAK = YES;
				CLANG_WARN_BLOCK_CAPTURE_AUTORELEASING = YES;
				CLANG_WARN_BOOL_CONVERSION = YES;
				CLANG_WARN_COMMA = YES;
				CLANG_WARN_CONSTANT_CONVERSION = YES;
				CLANG_WARN_DEPRECATED_OBJC_IMPLEMENTATIONS = YES;
				CLANG_WARN_DIRECT_OBJC_ISA_USAGE = YES_ERROR;
				CLANG_WARN_DOCUMENTATION_COMMENTS = YES;
				CLANG_WARN_EMPTY_BODY = YES;
				CLANG_WARN_ENUM_CONVERSION = YES;
				CLANG_WARN_INFINITE_RECURSION = YES;
				CLANG_WARN_INT_CONVERSION = YES;
				CLANG_WARN_NON_LITERAL_NULL_CONVERSION = YES;
				CLANG_WARN_OBJC_IMPLICIT_RETAIN_SELF = YES;
				CLANG_WARN_OBJC_LITERAL_CONVERSION = YES;
				CLANG_WARN_OBJC_ROOT_CLASS = YES_ERROR;
				CLANG_WARN_RANGE_LOOP_ANALYSIS = YES;
				CLANG_WARN_STRICT_PROTOTYPES = YES;
				CLANG_WARN_SUSPICIOUS_MOVE = YES;
				CLANG_WARN_UNGUARDED_AVAILABILITY = YES_AGGRESSIVE;
				CLANG_WARN_UNREACHABLE_CODE = YES;
				CLANG_WARN__DUPLICATE_METHOD_MATCH = YES;
				CODE_SIGN_IDENTITY = "iPhone Developer";
				COPY_PHASE_STRIP = NO;
				DEBUG_INFORMATION_FORMAT = dwarf;
				ENABLE_STRICT_OBJC_MSGSEND = YES;
				ENABLE_TESTABILITY = YES;
				GCC_C_LANGUAGE_STANDARD = gnu11;
				GCC_DYNAMIC_NO_PIC = NO;
				GCC_NO_COMMON_BLOCKS = YES;
				GCC_OPTIMIZATION_LEVEL = 0;
				GCC_PREPROCESSOR_DEFINITIONS = (
					"DEBUG=1",
					"$(inherited)",
				);
				GCC_WARN_64_TO_32_BIT_CONVERSION = YES;
				GCC_WARN_ABOUT_RETURN_TYPE = YES_ERROR;
				GCC_WARN_UNDECLARED_SELECTOR = YES;
				GCC_WARN_UNINITIALIZED_AUTOS = YES_AGGRESSIVE;
				GCC_WARN_UNUSED_FUNCTION = YES;
				GCC_WARN_UNUSED_VARIABLE = YES;
				IPHONEOS_DEPLOYMENT_TARGET = 11.4;
				MTL_ENABLE_DEBUG_INFO = YES;
				ONLY_ACTIVE_ARCH = YES;
				SDKROOT = iphoneos;
				SWIFT_ACTIVE_COMPILATION_CONDITIONS = DEBUG;
				SWIFT_OPTIMIZATION_LEVEL = "-Onone";
			};
			name = Debug;
		};
		556AB14520E8C9F0005EE57F /* Release */ = {
			isa = XCBuildConfiguration;
			buildSettings = {
				ALWAYS_SEARCH_USER_PATHS = NO;
				CLANG_ANALYZER_NONNULL = YES;
				CLANG_ANALYZER_NUMBER_OBJECT_CONVERSION = YES_AGGRESSIVE;
				CLANG_CXX_LANGUAGE_STANDARD = "gnu++14";
				CLANG_CXX_LIBRARY = "libc++";
				CLANG_ENABLE_MODULES = YES;
				CLANG_ENABLE_OBJC_ARC = YES;
				CLANG_ENABLE_OBJC_WEAK = YES;
				CLANG_WARN_BLOCK_CAPTURE_AUTORELEASING = YES;
				CLANG_WARN_BOOL_CONVERSION = YES;
				CLANG_WARN_COMMA = YES;
				CLANG_WARN_CONSTANT_CONVERSION = YES;
				CLANG_WARN_DEPRECATED_OBJC_IMPLEMENTATIONS = YES;
				CLANG_WARN_DIRECT_OBJC_ISA_USAGE = YES_ERROR;
				CLANG_WARN_DOCUMENTATION_COMMENTS = YES;
				CLANG_WARN_EMPTY_BODY = YES;
				CLANG_WARN_ENUM_CONVERSION = YES;
				CLANG_WARN_INFINITE_RECURSION = YES;
				CLANG_WARN_INT_CONVERSION = YES;
				CLANG_WARN_NON_LITERAL_NULL_CONVERSION = YES;
				CLANG_WARN_OBJC_IMPLICIT_RETAIN_SELF = YES;
				CLANG_WARN_OBJC_LITERAL_CONVERSION = YES;
				CLANG_WARN_OBJC_ROOT_CLASS = YES_ERROR;
				CLANG_WARN_RANGE_LOOP_ANALYSIS = YES;
				CLANG_WARN_STRICT_PROTOTYPES = YES;
				CLANG_WARN_SUSPICIOUS_MOVE = YES;
				CLANG_WARN_UNGUARDED_AVAILABILITY = YES_AGGRESSIVE;
				CLANG_WARN_UNREACHABLE_CODE = YES;
				CLANG_WARN__DUPLICATE_METHOD_MATCH = YES;
				CODE_SIGN_IDENTITY = "iPhone Developer";
				COPY_PHASE_STRIP = NO;
				DEBUG_INFORMATION_FORMAT = "dwarf-with-dsym";
				ENABLE_NS_ASSERTIONS = NO;
				ENABLE_STRICT_OBJC_MSGSEND = YES;
				GCC_C_LANGUAGE_STANDARD = gnu11;
				GCC_NO_COMMON_BLOCKS = YES;
				GCC_WARN_64_TO_32_BIT_CONVERSION = YES;
				GCC_WARN_ABOUT_RETURN_TYPE = YES_ERROR;
				GCC_WARN_UNDECLARED_SELECTOR = YES;
				GCC_WARN_UNINITIALIZED_AUTOS = YES_AGGRESSIVE;
				GCC_WARN_UNUSED_FUNCTION = YES;
				GCC_WARN_UNUSED_VARIABLE = YES;
				IPHONEOS_DEPLOYMENT_TARGET = 11.4;
				MTL_ENABLE_DEBUG_INFO = NO;
				SDKROOT = iphoneos;
				SWIFT_COMPILATION_MODE = wholemodule;
				SWIFT_OPTIMIZATION_LEVEL = "-O";
				VALIDATE_PRODUCT = YES;
			};
			name = Release;
		};
		556AB14720E8C9F0005EE57F /* Debug */ = {
			isa = XCBuildConfiguration;
			buildSettings = {
				ASSETCATALOG_COMPILER_APPICON_NAME = AppIcon;
				CODE_SIGN_STYLE = Automatic;
				INFOPLIST_FILE = Chapter03/Info.plist;
				LD_RUNPATH_SEARCH_PATHS = (
					"$(inherited)",
					"@executable_path/Frameworks",
				);
				PRODUCT_BUNDLE_IDENTIFIER = yoon86.Chapter03;
				PRODUCT_NAME = "$(TARGET_NAME)";
				SWIFT_VERSION = 4.0;
				TARGETED_DEVICE_FAMILY = "1,2";
			};
			name = Debug;
		};
		556AB14820E8C9F0005EE57F /* Release */ = {
			isa = XCBuildConfiguration;
			buildSettings = {
				ASSETCATALOG_COMPILER_APPICON_NAME = AppIcon;
				CODE_SIGN_STYLE = Automatic;
				INFOPLIST_FILE = Chapter03/Info.plist;
				LD_RUNPATH_SEARCH_PATHS = (
					"$(inherited)",
					"@executable_path/Frameworks",
				);
				PRODUCT_BUNDLE_IDENTIFIER = yoon86.Chapter03;
				PRODUCT_NAME = "$(TARGET_NAME)";
				SWIFT_VERSION = 4.0;
				TARGETED_DEVICE_FAMILY = "1,2";
			};
			name = Release;
		};
		556AB14A20E8C9F0005EE57F /* Debug */ = {
			isa = XCBuildConfiguration;
			buildSettings = {
				ALWAYS_EMBED_SWIFT_STANDARD_LIBRARIES = YES;
				BUNDLE_LOADER = "$(TEST_HOST)";
				CODE_SIGN_STYLE = Automatic;
				INFOPLIST_FILE = Chapter03Tests/Info.plist;
				LD_RUNPATH_SEARCH_PATHS = (
					"$(inherited)",
					"@executable_path/Frameworks",
					"@loader_path/Frameworks",
				);
				PRODUCT_BUNDLE_IDENTIFIER = yoon86.Chapter03Tests;
				PRODUCT_NAME = "$(TARGET_NAME)";
				SWIFT_VERSION = 4.0;
				TARGETED_DEVICE_FAMILY = "1,2";
				TEST_HOST = "$(BUILT_PRODUCTS_DIR)/Chapter03.app/Chapter03";
			};
			name = Debug;
		};
		556AB14B20E8C9F0005EE57F /* Release */ = {
			isa = XCBuildConfiguration;
			buildSettings = {
				ALWAYS_EMBED_SWIFT_STANDARD_LIBRARIES = YES;
				BUNDLE_LOADER = "$(TEST_HOST)";
				CODE_SIGN_STYLE = Automatic;
				INFOPLIST_FILE = Chapter03Tests/Info.plist;
				LD_RUNPATH_SEARCH_PATHS = (
					"$(inherited)",
					"@executable_path/Frameworks",
					"@loader_path/Frameworks",
				);
				PRODUCT_BUNDLE_IDENTIFIER = yoon86.Chapter03Tests;
				PRODUCT_NAME = "$(TARGET_NAME)";
				SWIFT_VERSION = 4.0;
				TARGETED_DEVICE_FAMILY = "1,2";
				TEST_HOST = "$(BUILT_PRODUCTS_DIR)/Chapter03.app/Chapter03";
			};
			name = Release;
		};
		556AB14D20E8C9F0005EE57F /* Debug */ = {
			isa = XCBuildConfiguration;
			buildSettings = {
				ALWAYS_EMBED_SWIFT_STANDARD_LIBRARIES = YES;
				CODE_SIGN_STYLE = Automatic;
				INFOPLIST_FILE = Chapter03UITests/Info.plist;
				LD_RUNPATH_SEARCH_PATHS = (
					"$(inherited)",
					"@executable_path/Frameworks",
					"@loader_path/Frameworks",
				);
				PRODUCT_BUNDLE_IDENTIFIER = yoon86.Chapter03UITests;
				PRODUCT_NAME = "$(TARGET_NAME)";
				SWIFT_VERSION = 4.0;
				TARGETED_DEVICE_FAMILY = "1,2";
				TEST_TARGET_NAME = Chapter03;
			};
			name = Debug;
		};
		556AB14E20E8C9F0005EE57F /* Release */ = {
			isa = XCBuildConfiguration;
			buildSettings = {
				ALWAYS_EMBED_SWIFT_STANDARD_LIBRARIES = YES;
				CODE_SIGN_STYLE = Automatic;
				INFOPLIST_FILE = Chapter03UITests/Info.plist;
				LD_RUNPATH_SEARCH_PATHS = (
					"$(inherited)",
					"@executable_path/Frameworks",
					"@loader_path/Frameworks",
				);
				PRODUCT_BUNDLE_IDENTIFIER = yoon86.Chapter03UITests;
				PRODUCT_NAME = "$(TARGET_NAME)";
				SWIFT_VERSION = 4.0;
				TARGETED_DEVICE_FAMILY = "1,2";
				TEST_TARGET_NAME = Chapter03;
			};
			name = Release;
		};
/* End XCBuildConfiguration section */

/* Begin XCConfigurationList section */
		556AB11920E8C9EF005EE57F /* Build configuration list for PBXProject "Chapter03" */ = {
			isa = XCConfigurationList;
			buildConfigurations = (
				556AB14420E8C9F0005EE57F /* Debug */,
				556AB14520E8C9F0005EE57F /* Release */,
			);
			defaultConfigurationIsVisible = 0;
			defaultConfigurationName = Release;
		};
		556AB14620E8C9F0005EE57F /* Build configuration list for PBXNativeTarget "Chapter03" */ = {
			isa = XCConfigurationList;
			buildConfigurations = (
				556AB14720E8C9F0005EE57F /* Debug */,
				556AB14820E8C9F0005EE57F /* Release */,
			);
			defaultConfigurationIsVisible = 0;
			defaultConfigurationName = Release;
		};
		556AB14920E8C9F0005EE57F /* Build configuration list for PBXNativeTarget "Chapter03Tests" */ = {
			isa = XCConfigurationList;
			buildConfigurations = (
				556AB14A20E8C9F0005EE57F /* Debug */,
				556AB14B20E8C9F0005EE57F /* Release */,
			);
			defaultConfigurationIsVisible = 0;
			defaultConfigurationName = Release;
		};
		556AB14C20E8C9F0005EE57F /* Build configuration list for PBXNativeTarget "Chapter03UITests" */ = {
			isa = XCConfigurationList;
			buildConfigurations = (
				556AB14D20E8C9F0005EE57F /* Debug */,
				556AB14E20E8C9F0005EE57F /* Release */,
			);
			defaultConfigurationIsVisible = 0;
			defaultConfigurationName = Release;
		};
/* End XCConfigurationList section */
	};
	rootObject = 556AB11620E8C9EF005EE57F /* Project object */;
}
